
Microsoft Visual Studio Solution File, Format Version 12.00
# Visual Studio 15
VisualStudioVersion = 15.0.28307.960
MinimumVisualStudioVersion = 10.0.40219.1
Project("{FAE04EC0-301F-11D3-BF4B-00C04F79EFBC}") = "ContosoUniversity", "ContosoUniversity\ContosoUniversity.csproj", "{D3FE45DD-D213-4601-B6E2-D4CDB6806D7B}"
EndProject
Global
	GlobalSection(SolutionConfigurationPlatforms) = preSolution
		Debug|Any CPU = Debug|Any CPU
		Release|Any CPU = Release|Any CPU
	EndGlobalSection
	GlobalSection(ProjectConfigurationPlatforms) = postSolution
		{D3FE45DD-D213-4601-B6E2-D4CDB6806D7B}.Debug|Any CPU.ActiveCfg = Debug|Any CPU
		{D3FE45DD-D213-4601-B6E2-D4CDB6806D7B}.Debug|Any CPU.Build.0 = Debug|Any CPU
		{D3FE45DD-D213-4601-B6E2-D4CDB6806D7B}.Release|Any CPU.ActiveCfg = Release|Any CPU
		{D3FE45DD-D213-4601-B6E2-D4CDB6806D7B}.Release|Any CPU.Build.0 = Release|Any CPU
	EndGlobalSection
	GlobalSection(SolutionProperties) = preSolution
		HideSolutionNode = FALSE
	EndGlobalSection
	GlobalSection(ExtensibilityGlobals) = postSolution
		SolutionGuid = {1A628A2E-8E12-47BF-B35B-022F915806E2}
	EndGlobalSection
EndGlobal
